{
    "_meta": {
        "hash": {
            "sha256": "858a150e5706862fe5af03163a30c03b21e3ee1abd2d2d533cc35468e37c4299"
        },
        "pipfile-spec": 6,
        "requires": {
            "python_version": "3.10"
        },
        "sources": [
            {
                "name": "pypi",
                "url": "https://pypi.org/simple",
                "verify_ssl": true
            }
        ]
    },
    "default": {
        "dependency-injector": {
            "hashes": [
                "sha256:0cc2cb5b85a587f9b95505391ab4f1ef02432a590807f2230f445666d0bd3984",
                "sha256:14ccce9356f161c42664b73085c7ead179186e6cb8434bf885fa64b213e32712",
                "sha256:2c796ec1de86c5bd34ba6a96ea95409582ebc8e54d9a62f263c7c7852d593ae6",
                "sha256:35ac330fc1ed6ba0751f3eaa6a6f068c4e88cb1069bbe0c10568847db00dc62d",
                "sha256:58be030a8b0f4a856523ce3799cecfcf686a545b79f1f897262cec43090a7fd3",
                "sha256:59f557f1f1f7fe856759fdc59b5f2c012e4caaf05b4f848cbb1f250bdf4d8541",
                "sha256:6001f91e67700479088763babe976354538344ca347abe2d4405f6f4bc40b803",
                "sha256:6446bd95a80a487893e162eeb8aa2f3029ab47bb4641a9e5d431f3c024b459c9",
                "sha256:6bfbcaa71ea2fd3a54e46d5038e6cedbb66d7c1319ac638f935f6cbba348ffc9",
                "sha256:6dc75b54da62da105ea5d4541bc5f1d0d1edb1be3763d2e9e1184fd0f249f23b",
                "sha256:6fdabe9dd14259fe14eb4c65f5bf244524a5cc43a474cb448528daeda4453573",
                "sha256:7639c601288417352af3318d683e96f034ffb685de2cfb8d79a75f982c262302",
                "sha256:7c781db928a6f02f5f373773dc1a263e1e9dfcce2a854b42c9c261db2eb0042f",
                "sha256:86c4e918064de9e300152233da096797c4de7bb8e33ce86a7c6a398daf760c57",
                "sha256:8881c65ecc133d4b0af1cf35215a7bfab8d907e10ee1452d2dfef27cc3ca23d3",
                "sha256:8930da0c2a0bdc3d96863e9f9522abeeb106ee7bb5c670805e97e42838191998",
                "sha256:8b607090446e697b77d36be523ed845021d2379d62fcaf152998127066b70d80",
                "sha256:9756873290abd53111f9a7edc055c62a7968ac67d0fc3f49e7dba5bdda5c78a3",
                "sha256:985570539c2703c6c009077026042a05b05474e75bec585607a556c1970bdeee",
                "sha256:a184b71e8aa2fffd6c3d3828c2db045a14c3bc1ac9ca7945db76b9ac93efca81",
                "sha256:a3bc779fe3f1331299032c51ec66c01dfd49e1a052c7ac3ac96aef30313c2e80",
                "sha256:a3c5312fa1854eb45ed78a720ac5e1e354769e55a2fb42ca142b5dd612e8f0da",
                "sha256:a5242bca4f404c4918ba00b48fa1780c42903a9ff850956e04134bfc8b423d04",
                "sha256:a944c1bbbb81dbeca8c30001bc8b7e061ca52cf291bf0dd35005863484e6ea8a",
                "sha256:b73bd0dd82b42950fb78baae68750ecb5c943d39cbfacea8dbee9d6df6535427",
                "sha256:b7fda0bd48b8b3d6f9e7227d872b7d0cc95b8d54f296213369867f7490e38d06",
                "sha256:bbf05aefcb3cd856624e2203f69a61ad54ffa0541a23a8e6d136c178b7a37153",
                "sha256:c69196827505288a8f94f9d36d4b4829fb23d5a62f0898e0aa7d5ad1fce0505e",
                "sha256:c80521fc43f2812fec10ab4b92e7168659e25b5b13e0e3d45da0260e959da24a",
                "sha256:c9f31a7b3806098476767531b40f8a59dac726ce7602158a6e093f9e2be46f1a",
                "sha256:c9fad82e44a34c83a0b522692aace49f3149d44b3ff826197a131a27a8df51df",
                "sha256:d15b6fe1be06bffecf9b5f28fd972596f1ef6b7553d884c317b6d472ca0fb040",
                "sha256:d550f4e9e81e87ae23c5086e5b3b08f2331a02e9dc7a2553ce16275ba9921817",
                "sha256:e9f9572021c4ed1ae59d22437ba60c4d92d1a1ec1e5fee1f81ef0c58096b9ee8",
                "sha256:ededd0f6f7abe153030f3f50959abf5cb65bf7e5215a59b9333e027d6262d161",
                "sha256:fb29620e8249d66e8328d30c44d2f788d773132cdb6d0d62be4f1dd4343fc748"
            ],
            "index": "pypi",
            "version": "==4.37.0"
        },
        "pyodbc": {
            "hashes": [
                "sha256:0d4e14adb149cae45da37fa87aa297055156dae6e89ca3c75493d3d62d78e543",
                "sha256:0e4178e9b93329bbba17555882008e36a114179d06033b813a13b254dcd755d0",
                "sha256:2152ce6d5131d769ff5839aa762e12d844c95e9ec4bb2f666e8cd9dfa1ae2240",
                "sha256:339d8aa633b0c65be5149c3378c7e3b5bead94dc8bb023a715b416bd047a008e",
                "sha256:56ec4974096d40d6c62a228799122dbc2ade6c4045cc5d31860212a32cae95b1",
                "sha256:699c080b1c1f7b4afc368b3521fd1161f46a10223443692a249cb01d90949b31",
                "sha256:6c1e1c1fe747b0f6419e8df0b5c43161e7437dbf72f93f9fcfb9b7358fad3e12",
                "sha256:736acad1b264ddb7313058dfe37265b0c5160c1c2a9d1ffd391347c025eb5dd1",
                "sha256:9be5f0c3590655e1968488410fe3528bb8023d527e7ccec1f663d64245071a6b",
                "sha256:bbc07517f339e019ee9f1fe679c4241251d11ca2124567616f67d62e73c29fc0",
                "sha256:c066f032e69fd71e9fadb3a380dfe8ecd1728b40a2bf38f76054d284f8523b29",
                "sha256:cda790bdc25bfad12d4fb9ba93368275802f7f9ecfa4c9c65e982d3a7fc35f2e",
                "sha256:e81ebf9cab80a6eaba7922dea02036e9f8a507a7b818856b8008a02d6fc0d2ab"
            ],
            "index": "pypi",
            "version": "==4.0.32"
        },
        "six": {
            "hashes": [
                "sha256:1e61c37477a1626458e36f7b1d82aa5c9b094fa4802892072e49de9c60c4c926",
                "sha256:8abb2f1d86890a2dfb989f9a77cfcfd3e47c2a354b01111771326f8aa26e0254"
            ],
            "markers": "python_version >= '2.7' and python_version not in '3.0, 3.1, 3.2, 3.3'",
            "version": "==1.16.0"
        }
    },
    "develop": {
        "assertpy": {
            "hashes": [
                "sha256:acc64329934ad71a3221de185517a43af33e373bb44dc05b5a9b174394ef4833"
            ],
            "index": "pypi",
            "version": "==1.1"
        },
        "atomicwrites": {
            "hashes": [
                "sha256:6d1784dea7c0c8d4a5172b6c620f40b6e4cbfdf96d783691f2e1302a7b88e197",
                "sha256:ae70396ad1a434f9c7046fd2dd196fc04b12f9e91ffb859164193be8b6168a7a"
            ],
            "markers": "sys_platform == 'win32'",
            "version": "==1.4.0"
        },
        "attrs": {
            "hashes": [
                "sha256:149e90d6d8ac20db7a955ad60cf0e6881a3f20d37096140088356da6c716b0b1",
                "sha256:ef6aaac3ca6cd92904cdd0d83f629a15f18053ec84e6432106f7a4d04ae4f5fb"
            ],
            "markers": "python_version >= '2.7' and python_version not in '3.0, 3.1, 3.2, 3.3, 3.4'",
            "version": "==21.2.0"
        },
        "colorama": {
            "hashes": [
                "sha256:5941b2b48a20143d2267e95b1c2a7603ce057ee39fd88e7329b0c292aa16869b",
                "sha256:9f47eda37229f68eee03b24b9748937c7dc3868f906e8ba69fbcbdd3bc5dc3e2"
            ],
            "markers": "sys_platform == 'win32'",
            "version": "==0.4.4"
        },
        "iniconfig": {
            "hashes": [
                "sha256:011e24c64b7f47f6ebd835bb12a743f2fbe9a26d4cecaa7f53bc4f35ee9da8b3",
                "sha256:bc3af051d7d14b2ee5ef9969666def0cd1a000e121eaea580d4a313df4b37f32"
            ],
            "version": "==1.1.1"
        },
        "packaging": {
            "hashes": [
                "sha256:096d689d78ca690e4cd8a89568ba06d07ca097e3306a4381635073ca91479966",
                "sha256:14317396d1e8cdb122989b916fa2c7e9ca8e2be9e8060a6eff75b6b7b4d8a7e0"
            ],
            "markers": "python_version >= '3.6'",
            "version": "==21.2"
        },
        "pluggy": {
            "hashes": [
                "sha256:4224373bacce55f955a878bf9cfa763c1e360858e330072059e10bad68531159",
                "sha256:74134bbf457f031a36d68416e1509f34bd5ccc019f0bcc952c7b909d06b37bd3"
            ],
            "markers": "python_version >= '3.6'",
            "version": "==1.0.0"
        },
        "py": {
            "hashes": [
                "sha256:51c75c4126074b472f746a24399ad32f6053d1b34b68d2fa41e558e6f4a98719",
                "sha256:607c53218732647dff4acdfcd50cb62615cedf612e72d1724fb1a0cc6405b378"
            ],
            "markers": "python_version >= '2.7' and python_version not in '3.0, 3.1, 3.2, 3.3, 3.4'",
            "version": "==1.11.0"
        },
        "pyparsing": {
            "hashes": [
                "sha256:c203ec8783bf771a155b207279b9bccb8dea02d8f0c9e5f8ead507bc3246ecc1",
                "sha256:ef9d7589ef3c200abe66653d3f1ab1033c3c419ae9b9bdb1240a85b024efc88b"
            ],
            "markers": "python_version >= '2.6' and python_version not in '3.0, 3.1, 3.2, 3.3'",
            "version": "==2.4.7"
        },
        "pytest": {
            "hashes": [
                "sha256:131b36680866a76e6781d13f101efb86cf674ebb9762eb70d3082b6f29889e89",
                "sha256:7310f8d27bc79ced999e760ca304d69f6ba6c6649c0b60fb0e04a4a77cacc134"
            ],
            "index": "pypi",
            "version": "==6.2.5"
        },
        "toml": {
            "hashes": [
                "sha256:806143ae5bfb6a3c6e736a764057db0e6a0e05e338b5630894a5f779cabb4f9b",
                "sha256:b3bda1d108d5dd99f4a20d24d9c348e91c4db7ab1b749200bded2f839ccbe68f"
            ],
            "markers": "python_version >= '2.6' and python_version not in '3.0, 3.1, 3.2, 3.3'",
            "version": "==0.10.2"
        }
    }
}
